{
  "sources": {
    "apt": {
      "locked_version": "2.0.0"
    },
    "ruby_build": {
      "locked_version": "0.8.0"
    },
    "rbenv": {
      "locked_version": "0.7.2",
      "git": "git://github.com/fnichol/chef-rbenv.git",
      "ref": "f2b53292e810dd2b43f6121f9958f5f29979dcb1"
    },
    "stemcell_builder": {
      "path": "./site-cookbooks/stemcell_builder"
    },
    "java": {
      "locked_version": "1.12.0"
    },
    "windows": {
      "locked_version": "1.10.0"
    },
    "chef_handler": {
      "locked_version": "1.1.4"
    }
  }
}
