GEM
  remote: http://rubygems.org/
  specs:
    archive-tar-minitar (0.5.2)
    aws-s3 (0.6.2)
      builder
      mime-types
      xml-simple
    blobstore_client (0.3.4)
      aws-s3
      httpclient
      uuidtools
    builder (3.0.0)
    ci_reporter (1.6.3)
      builder (>= 2.1.2)
    columnize (0.3.2)
    crack (0.1.8)
    daemons (1.1.4)
    diff-lcs (1.1.2)
    eventmachine (0.12.10)
    httpclient (2.2.0.1)
    json_pure (1.5.3)
    linecache (0.43)
    linecache19 (0.5.12)
      ruby_core_source (>= 0.1.4)
    mime-types (1.16)
    monit_api (1.0.2)
      crack
    nats (0.4.10)
      daemons (>= 1.1.0)
      eventmachine (>= 0.12.10)
      json_pure (>= 1.5.1)
    netaddr (1.5.0)
    posix-spawn (0.3.3)
    rake (0.8.7)
    rcov (0.9.9)
    rcov_analyzer (0.1)
      builder
      rcov
    rspec (2.1.0)
      rspec-core (~> 2.1.0)
      rspec-expectations (~> 2.1.0)
      rspec-mocks (~> 2.1.0)
    rspec-core (2.1.0)
    rspec-expectations (2.1.0)
      diff-lcs (~> 1.1.2)
    rspec-mocks (2.1.0)
    ruby-debug (0.10.4)
      columnize (>= 0.1)
      ruby-debug-base (~> 0.10.4.0)
    ruby-debug-base (0.10.4)
      linecache (>= 0.3)
    ruby-debug-base19 (0.11.25)
      columnize (>= 0.3.1)
      linecache19 (>= 0.5.11)
      ruby_core_source (>= 0.1.4)
    ruby-debug19 (0.11.6)
      columnize (>= 0.3.1)
      linecache19 (>= 0.5.11)
      ruby-debug-base19 (>= 0.11.19)
    ruby_core_source (0.1.5)
      archive-tar-minitar (>= 0.5.2)
    simplecov (0.4.2)
      simplecov-html (~> 0.4.4)
    simplecov-html (0.4.5)
    uuidtools (2.1.2)
    xml-simple (1.0.15)
    yajl-ruby (0.8.1)

PLATFORMS
  ruby

DEPENDENCIES
  blobstore_client (>= 0.3.4)
  ci_reporter
  monit_api
  nats
  netaddr
  posix-spawn
  rake
  rcov
  rcov_analyzer
  rspec
  ruby-debug
  ruby-debug19
  simplecov
  uuidtools
  yajl-ruby
